
Microsoft Visual Studio Solution File, Format Version 12.00
# Visual Studio Version 16
VisualStudioVersion = 16.0.30114.105
MinimumVisualStudioVersion = 10.0.40219.1
Project("{FAE04EC0-301F-11D3-BF4B-00C04F79EFBC}") = "ejercicio5", "ejercicio5\ejercicio5.csproj", "{848AC94F-1EE2-493D-B0A4-A32AAD08BED7}"
EndProject
Global
	GlobalSection(SolutionConfigurationPlatforms) = preSolution
		Debug|Any CPU = Debug|Any CPU
		Release|Any CPU = Release|Any CPU
	EndGlobalSection
	GlobalSection(ProjectConfigurationPlatforms) = postSolution
		{848AC94F-1EE2-493D-B0A4-A32AAD08BED7}.Debug|Any CPU.ActiveCfg = Debug|Any CPU
		{848AC94F-1EE2-493D-B0A4-A32AAD08BED7}.Debug|Any CPU.Build.0 = Debug|Any CPU
		{848AC94F-1EE2-493D-B0A4-A32AAD08BED7}.Release|Any CPU.ActiveCfg = Release|Any CPU
		{848AC94F-1EE2-493D-B0A4-A32AAD08BED7}.Release|Any CPU.Build.0 = Release|Any CPU
	EndGlobalSection
	GlobalSection(SolutionProperties) = preSolution
		HideSolutionNode = FALSE
	EndGlobalSection
	GlobalSection(ExtensibilityGlobals) = postSolution
		SolutionGuid = {FB6BC393-8E9D-47D8-891E-15891DE4E6DD}
	EndGlobalSection
EndGlobal
